
Microsoft Visual Studio Solution File, Format Version 12.00
# Visual Studio Version 17
VisualStudioVersion = 17.0.31903.59
MinimumVisualStudioVersion = 10.0.40219.1
Project("{2150E333-8FDC-42A3-9474-1A3956D46DE8}") = "src", "src", "{827E0CD3-B72D-47B6-A68D-7590B98EB39B}"
EndProject
Project("{FAE04EC0-301F-11D3-BF4B-00C04F79EFBC}") = "LangQuery.Core", "src\LangQuery.Core\LangQuery.Core.csproj", "{CF5A8A46-7994-4CDD-B6A2-5578AD15E936}"
EndProject
Project("{FAE04EC0-301F-11D3-BF4B-00C04F79EFBC}") = "LangQuery.Storage.Sqlite", "src\LangQuery.Storage.Sqlite\LangQuery.Storage.Sqlite.csproj", "{43945FB7-7BFC-4990-AD3E-F16C3F0B86F1}"
EndProject
Project("{FAE04EC0-301F-11D3-BF4B-00C04F79EFBC}") = "LangQuery.Roslyn", "src\LangQuery.Roslyn\LangQuery.Roslyn.csproj", "{E59C75F9-A520-4676-9599-BA84189C7793}"
EndProject
Project("{FAE04EC0-301F-11D3-BF4B-00C04F79EFBC}") = "LangQuery.Query", "src\LangQuery.Query\LangQuery.Query.csproj", "{A5965391-8577-49FD-AA3A-79B733C45B61}"
EndProject
Project("{FAE04EC0-301F-11D3-BF4B-00C04F79EFBC}") = "LangQuery.Cli", "src\LangQuery.Cli\LangQuery.Cli.csproj", "{22FE38DE-C9EF-4706-850D-75B498E88D69}"
EndProject
Project("{2150E333-8FDC-42A3-9474-1A3956D46DE8}") = "tests", "tests", "{0AB3BF05-4346-4AA6-1389-037BE0695223}"
EndProject
Project("{FAE04EC0-301F-11D3-BF4B-00C04F79EFBC}") = "LangQuery.UnitTests", "tests\LangQuery.UnitTests\LangQuery.UnitTests.csproj", "{7207833C-D956-42D1-9364-031873352315}"
EndProject
Project("{FAE04EC0-301F-11D3-BF4B-00C04F79EFBC}") = "LangQuery.IntegrationTests", "tests\LangQuery.IntegrationTests\LangQuery.IntegrationTests.csproj", "{52406F9A-5126-4496-99AC-DF3D7A5D1392}"
EndProject
Global
	GlobalSection(SolutionConfigurationPlatforms) = preSolution
		Debug|Any CPU = Debug|Any CPU
		Debug|x64 = Debug|x64
		Debug|x86 = Debug|x86
		Release|Any CPU = Release|Any CPU
		Release|x64 = Release|x64
		Release|x86 = Release|x86
	EndGlobalSection
	GlobalSection(ProjectConfigurationPlatforms) = postSolution
		{CF5A8A46-7994-4CDD-B6A2-5578AD15E936}.Debug|Any CPU.ActiveCfg = Debug|Any CPU
		{CF5A8A46-7994-4CDD-B6A2-5578AD15E936}.Debug|Any CPU.Build.0 = Debug|Any CPU
		{CF5A8A46-7994-4CDD-B6A2-5578AD15E936}.Debug|x64.ActiveCfg = Debug|Any CPU
		{CF5A8A46-7994-4CDD-B6A2-5578AD15E936}.Debug|x64.Build.0 = Debug|Any CPU
		{CF5A8A46-7994-4CDD-B6A2-5578AD15E936}.Debug|x86.ActiveCfg = Debug|Any CPU
		{CF5A8A46-7994-4CDD-B6A2-5578AD15E936}.Debug|x86.Build.0 = Debug|Any CPU
		{CF5A8A46-7994-4CDD-B6A2-5578AD15E936}.Release|Any CPU.ActiveCfg = Release|Any CPU
		{CF5A8A46-7994-4CDD-B6A2-5578AD15E936}.Release|Any CPU.Build.0 = Release|Any CPU
		{CF5A8A46-7994-4CDD-B6A2-5578AD15E936}.Release|x64.ActiveCfg = Release|Any CPU
		{CF5A8A46-7994-4CDD-B6A2-5578AD15E936}.Release|x64.Build.0 = Release|Any CPU
		{CF5A8A46-7994-4CDD-B6A2-5578AD15E936}.Release|x86.ActiveCfg = Release|Any CPU
		{CF5A8A46-7994-4CDD-B6A2-5578AD15E936}.Release|x86.Build.0 = Release|Any CPU
		{43945FB7-7BFC-4990-AD3E-F16C3F0B86F1}.Debug|Any CPU.ActiveCfg = Debug|Any CPU
		{43945FB7-7BFC-4990-AD3E-F16C3F0B86F1}.Debug|Any CPU.Build.0 = Debug|Any CPU
		{43945FB7-7BFC-4990-AD3E-F16C3F0B86F1}.Debug|x64.ActiveCfg = Debug|Any CPU
		{43945FB7-7BFC-4990-AD3E-F16C3F0B86F1}.Debug|x64.Build.0 = Debug|Any CPU
		{43945FB7-7BFC-4990-AD3E-F16C3F0B86F1}.Debug|x86.ActiveCfg = Debug|Any CPU
		{43945FB7-7BFC-4990-AD3E-F16C3F0B86F1}.Debug|x86.Build.0 = Debug|Any CPU
		{43945FB7-7BFC-4990-AD3E-F16C3F0B86F1}.Release|Any CPU.ActiveCfg = Release|Any CPU
		{43945FB7-7BFC-4990-AD3E-F16C3F0B86F1}.Release|Any CPU.Build.0 = Release|Any CPU
		{43945FB7-7BFC-4990-AD3E-F16C3F0B86F1}.Release|x64.ActiveCfg = Release|Any CPU
		{43945FB7-7BFC-4990-AD3E-F16C3F0B86F1}.Release|x64.Build.0 = Release|Any CPU
		{43945FB7-7BFC-4990-AD3E-F16C3F0B86F1}.Release|x86.ActiveCfg = Release|Any CPU
		{43945FB7-7BFC-4990-AD3E-F16C3F0B86F1}.Release|x86.Build.0 = Release|Any CPU
		{E59C75F9-A520-4676-9599-BA84189C7793}.Debug|Any CPU.ActiveCfg = Debug|Any CPU
		{E59C75F9-A520-4676-9599-BA84189C7793}.Debug|Any CPU.Build.0 = Debug|Any CPU
		{E59C75F9-A520-4676-9599-BA84189C7793}.Debug|x64.ActiveCfg = Debug|Any CPU
		{E59C75F9-A520-4676-9599-BA84189C7793}.Debug|x64.Build.0 = Debug|Any CPU
		{E59C75F9-A520-4676-9599-BA84189C7793}.Debug|x86.ActiveCfg = Debug|Any CPU
		{E59C75F9-A520-4676-9599-BA84189C7793}.Debug|x86.Build.0 = Debug|Any CPU
		{E59C75F9-A520-4676-9599-BA84189C7793}.Release|Any CPU.ActiveCfg = Release|Any CPU
		{E59C75F9-A520-4676-9599-BA84189C7793}.Release|Any CPU.Build.0 = Release|Any CPU
		{E59C75F9-A520-4676-9599-BA84189C7793}.Release|x64.ActiveCfg = Release|Any CPU
		{E59C75F9-A520-4676-9599-BA84189C7793}.Release|x64.Build.0 = Release|Any CPU
		{E59C75F9-A520-4676-9599-BA84189C7793}.Release|x86.ActiveCfg = Release|Any CPU
		{E59C75F9-A520-4676-9599-BA84189C7793}.Release|x86.Build.0 = Release|Any CPU
		{A5965391-8577-49FD-AA3A-79B733C45B61}.Debug|Any CPU.ActiveCfg = Debug|Any CPU
		{A5965391-8577-49FD-AA3A-79B733C45B61}.Debug|Any CPU.Build.0 = Debug|Any CPU
		{A5965391-8577-49FD-AA3A-79B733C45B61}.Debug|x64.ActiveCfg = Debug|Any CPU
		{A5965391-8577-49FD-AA3A-79B733C45B61}.Debug|x64.Build.0 = Debug|Any CPU
		{A5965391-8577-49FD-AA3A-79B733C45B61}.Debug|x86.ActiveCfg = Debug|Any CPU
		{A5965391-8577-49FD-AA3A-79B733C45B61}.Debug|x86.Build.0 = Debug|Any CPU
		{A5965391-8577-49FD-AA3A-79B733C45B61}.Release|Any CPU.ActiveCfg = Release|Any CPU
		{A5965391-8577-49FD-AA3A-79B733C45B61}.Release|Any CPU.Build.0 = Release|Any CPU
		{A5965391-8577-49FD-AA3A-79B733C45B61}.Release|x64.ActiveCfg = Release|Any CPU
		{A5965391-8577-49FD-AA3A-79B733C45B61}.Release|x64.Build.0 = Release|Any CPU
		{A5965391-8577-49FD-AA3A-79B733C45B61}.Release|x86.ActiveCfg = Release|Any CPU
		{A5965391-8577-49FD-AA3A-79B733C45B61}.Release|x86.Build.0 = Release|Any CPU
		{22FE38DE-C9EF-4706-850D-75B498E88D69}.Debug|Any CPU.ActiveCfg = Debug|Any CPU
		{22FE38DE-C9EF-4706-850D-75B498E88D69}.Debug|Any CPU.Build.0 = Debug|Any CPU
		{22FE38DE-C9EF-4706-850D-75B498E88D69}.Debug|x64.ActiveCfg = Debug|Any CPU
		{22FE38DE-C9EF-4706-850D-75B498E88D69}.Debug|x64.Build.0 = Debug|Any CPU
		{22FE38DE-C9EF-4706-850D-75B498E88D69}.Debug|x86.ActiveCfg = Debug|Any CPU
		{22FE38DE-C9EF-4706-850D-75B498E88D69}.Debug|x86.Build.0 = Debug|Any CPU
		{22FE38DE-C9EF-4706-850D-75B498E88D69}.Release|Any CPU.ActiveCfg = Release|Any CPU
		{22FE38DE-C9EF-4706-850D-75B498E88D69}.Release|Any CPU.Build.0 = Release|Any CPU
		{22FE38DE-C9EF-4706-850D-75B498E88D69}.Release|x64.ActiveCfg = Release|Any CPU
		{22FE38DE-C9EF-4706-850D-75B498E88D69}.Release|x64.Build.0 = Release|Any CPU
		{22FE38DE-C9EF-4706-850D-75B498E88D69}.Release|x86.ActiveCfg = Release|Any CPU
		{22FE38DE-C9EF-4706-850D-75B498E88D69}.Release|x86.Build.0 = Release|Any CPU
		{7207833C-D956-42D1-9364-031873352315}.Debug|Any CPU.ActiveCfg = Debug|Any CPU
		{7207833C-D956-42D1-9364-031873352315}.Debug|Any CPU.Build.0 = Debug|Any CPU
		{7207833C-D956-42D1-9364-031873352315}.Debug|x64.ActiveCfg = Debug|Any CPU
		{7207833C-D956-42D1-9364-031873352315}.Debug|x64.Build.0 = Debug|Any CPU
		{7207833C-D956-42D1-9364-031873352315}.Debug|x86.ActiveCfg = Debug|Any CPU
		{7207833C-D956-42D1-9364-031873352315}.Debug|x86.Build.0 = Debug|Any CPU
		{7207833C-D956-42D1-9364-031873352315}.Release|Any CPU.ActiveCfg = Release|Any CPU
		{7207833C-D956-42D1-9364-031873352315}.Release|Any CPU.Build.0 = Release|Any CPU
		{7207833C-D956-42D1-9364-031873352315}.Release|x64.ActiveCfg = Release|Any CPU
		{7207833C-D956-42D1-9364-031873352315}.Release|x64.Build.0 = Release|Any CPU
		{7207833C-D956-42D1-9364-031873352315}.Release|x86.ActiveCfg = Release|Any CPU
		{7207833C-D956-42D1-9364-031873352315}.Release|x86.Build.0 = Release|Any CPU
		{52406F9A-5126-4496-99AC-DF3D7A5D1392}.Debug|Any CPU.ActiveCfg = Debug|Any CPU
		{52406F9A-5126-4496-99AC-DF3D7A5D1392}.Debug|Any CPU.Build.0 = Debug|Any CPU
		{52406F9A-5126-4496-99AC-DF3D7A5D1392}.Debug|x64.ActiveCfg = Debug|Any CPU
		{52406F9A-5126-4496-99AC-DF3D7A5D1392}.Debug|x64.Build.0 = Debug|Any CPU
		{52406F9A-5126-4496-99AC-DF3D7A5D1392}.Debug|x86.ActiveCfg = Debug|Any CPU
		{52406F9A-5126-4496-99AC-DF3D7A5D1392}.Debug|x86.Build.0 = Debug|Any CPU
		{52406F9A-5126-4496-99AC-DF3D7A5D1392}.Release|Any CPU.ActiveCfg = Release|Any CPU
		{52406F9A-5126-4496-99AC-DF3D7A5D1392}.Release|Any CPU.Build.0 = Release|Any CPU
		{52406F9A-5126-4496-99AC-DF3D7A5D1392}.Release|x64.ActiveCfg = Release|Any CPU
		{52406F9A-5126-4496-99AC-DF3D7A5D1392}.Release|x64.Build.0 = Release|Any CPU
		{52406F9A-5126-4496-99AC-DF3D7A5D1392}.Release|x86.ActiveCfg = Release|Any CPU
		{52406F9A-5126-4496-99AC-DF3D7A5D1392}.Release|x86.Build.0 = Release|Any CPU
	EndGlobalSection
	GlobalSection(SolutionProperties) = preSolution
		HideSolutionNode = FALSE
	EndGlobalSection
	GlobalSection(NestedProjects) = preSolution
		{CF5A8A46-7994-4CDD-B6A2-5578AD15E936} = {827E0CD3-B72D-47B6-A68D-7590B98EB39B}
		{43945FB7-7BFC-4990-AD3E-F16C3F0B86F1} = {827E0CD3-B72D-47B6-A68D-7590B98EB39B}
		{E59C75F9-A520-4676-9599-BA84189C7793} = {827E0CD3-B72D-47B6-A68D-7590B98EB39B}
		{A5965391-8577-49FD-AA3A-79B733C45B61} = {827E0CD3-B72D-47B6-A68D-7590B98EB39B}
		{22FE38DE-C9EF-4706-850D-75B498E88D69} = {827E0CD3-B72D-47B6-A68D-7590B98EB39B}
		{7207833C-D956-42D1-9364-031873352315} = {0AB3BF05-4346-4AA6-1389-037BE0695223}
		{52406F9A-5126-4496-99AC-DF3D7A5D1392} = {0AB3BF05-4346-4AA6-1389-037BE0695223}
	EndGlobalSection
EndGlobal
